
Microsoft Visual Studio Solution File, Format Version 12.00
# Visual Studio Version 16
VisualStudioVersion = 16.0.32602.291
MinimumVisualStudioVersion = 10.0.40219.1
Project("{8BC9CEB8-8B4A-11D0-8D11-00A0C91BC942}") = "Project7", "Project7\Project7.vcxproj", "{9A96DBD1-4E1F-48DB-83FF-D634BD15B447}"
EndProject
Global
	GlobalSection(SolutionConfigurationPlatforms) = preSolution
		Debug|x64 = Debug|x64
		Debug|x86 = Debug|x86
		Release|x64 = Release|x64
		Release|x86 = Release|x86
	EndGlobalSection
	GlobalSection(ProjectConfigurationPlatforms) = postSolution
		{9A96DBD1-4E1F-48DB-83FF-D634BD15B447}.Debug|x64.ActiveCfg = Debug|x64
		{9A96DBD1-4E1F-48DB-83FF-D634BD15B447}.Debug|x64.Build.0 = Debug|x64
		{9A96DBD1-4E1F-48DB-83FF-D634BD15B447}.Debug|x86.ActiveCfg = Debug|Win32
		{9A96DBD1-4E1F-48DB-83FF-D634BD15B447}.Debug|x86.Build.0 = Debug|Win32
		{9A96DBD1-4E1F-48DB-83FF-D634BD15B447}.Release|x64.ActiveCfg = Release|x64
		{9A96DBD1-4E1F-48DB-83FF-D634BD15B447}.Release|x64.Build.0 = Release|x64
		{9A96DBD1-4E1F-48DB-83FF-D634BD15B447}.Release|x86.ActiveCfg = Release|Win32
		{9A96DBD1-4E1F-48DB-83FF-D634BD15B447}.Release|x86.Build.0 = Release|Win32
	EndGlobalSection
	GlobalSection(SolutionProperties) = preSolution
		HideSolutionNode = FALSE
	EndGlobalSection
	GlobalSection(ExtensibilityGlobals) = postSolution
		SolutionGuid = {FEF36E7E-C0B5-427A-AAE9-6EBE9A3D5578}
	EndGlobalSection
EndGlobal
