
Microsoft Visual Studio Solution File, Format Version 12.00
# Visual Studio Version 16
VisualStudioVersion = 16.0.32602.291
MinimumVisualStudioVersion = 10.0.40219.1
Project("{8BC9CEB8-8B4A-11D0-8D11-00A0C91BC942}") = "三子棋", "三子棋\三子棋.vcxproj", "{D91E9692-8DF9-4F9D-AB18-EA6BE67D61D1}"
EndProject
Global
	GlobalSection(SolutionConfigurationPlatforms) = preSolution
		Debug|x64 = Debug|x64
		Debug|x86 = Debug|x86
		Release|x64 = Release|x64
		Release|x86 = Release|x86
	EndGlobalSection
	GlobalSection(ProjectConfigurationPlatforms) = postSolution
		{D91E9692-8DF9-4F9D-AB18-EA6BE67D61D1}.Debug|x64.ActiveCfg = Debug|x64
		{D91E9692-8DF9-4F9D-AB18-EA6BE67D61D1}.Debug|x64.Build.0 = Debug|x64
		{D91E9692-8DF9-4F9D-AB18-EA6BE67D61D1}.Debug|x86.ActiveCfg = Debug|Win32
		{D91E9692-8DF9-4F9D-AB18-EA6BE67D61D1}.Debug|x86.Build.0 = Debug|Win32
		{D91E9692-8DF9-4F9D-AB18-EA6BE67D61D1}.Release|x64.ActiveCfg = Release|x64
		{D91E9692-8DF9-4F9D-AB18-EA6BE67D61D1}.Release|x64.Build.0 = Release|x64
		{D91E9692-8DF9-4F9D-AB18-EA6BE67D61D1}.Release|x86.ActiveCfg = Release|Win32
		{D91E9692-8DF9-4F9D-AB18-EA6BE67D61D1}.Release|x86.Build.0 = Release|Win32
	EndGlobalSection
	GlobalSection(SolutionProperties) = preSolution
		HideSolutionNode = FALSE
	EndGlobalSection
	GlobalSection(ExtensibilityGlobals) = postSolution
		SolutionGuid = {80975E35-ABEC-46F7-AB6A-F388422C4FDC}
	EndGlobalSection
EndGlobal
